// !$*UTF8*$!
{
	archiveVersion = 1;
	classes = {
	};
	objectVersion = 50;
	objects = {

/* Begin PBXBuildFile section */
		2E978BF32536E79500CA65FF /* AppDelegate.swift in Sources */ = {isa = PBXBuildFile; fileRef = 2E978BF22536E79500CA65FF /* AppDelegate.swift */; };
		2E978BF52536E79500CA65FF /* SceneDelegate.swift in Sources */ = {isa = PBXBuildFile; fileRef = 2E978BF42536E79500CA65FF /* SceneDelegate.swift */; };
		2E978BF72536E79500CA65FF /* ViewController.swift in Sources */ = {isa = PBXBuildFile; fileRef = 2E978BF62536E79500CA65FF /* ViewController.swift */; };
		2E978BFA2536E79500CA65FF /* Main.storyboard in Resources */ = {isa = PBXBuildFile; fileRef = 2E978BF82536E79500CA65FF /* Main.storyboard */; };
		2E978BFC2536E79700CA65FF /* Assets.xcassets in Resources */ = {isa = PBXBuildFile; fileRef = 2E978BFB2536E79700CA65FF /* Assets.xcassets */; };
		2E978BFF2536E79700CA65FF /* LaunchScreen.storyboard in Resources */ = {isa = PBXBuildFile; fileRef = 2E978BFD2536E79700CA65FF /* LaunchScreen.storyboard */; };
		2E978C0A2536E84800CA65FF /* opencv2.framework in Frameworks */ = {isa = PBXBuildFile; fileRef = 2E978C092536E84800CA65FF /* opencv2.framework */; };
		2E978C0C2536E86000CA65FF /* Photos.framework in Frameworks */ = {isa = PBXBuildFile; fileRef = 2E978C0B2536E86000CA65FF /* Photos.framework */; };
		2E978C0E2536E87100CA65FF /* CoreGraphics.framework in Frameworks */ = {isa = PBXBuildFile; fileRef = 2E978C0D2536E87100CA65FF /* CoreGraphics.framework */; };
		2E978C102536E87800CA65FF /* CoreMedia.framework in Frameworks */ = {isa = PBXBuildFile; fileRef = 2E978C0F2536E87800CA65FF /* CoreMedia.framework */; };
		2E978C122536E88100CA65FF /* CoreFoundation.framework in Frameworks */ = {isa = PBXBuildFile; fileRef = 2E978C112536E88100CA65FF /* CoreFoundation.framework */; };
		2E978C142536E88900CA65FF /* Accelerate.framework in Frameworks */ = {isa = PBXBuildFile; fileRef = 2E978C132536E88900CA65FF /* Accelerate.framework */; };
		2E978C1B2536E90000CA65FF /* OpenCVWrapper.mm in Sources */ = {isa = PBXBuildFile; fileRef = 2E978C1A2536E90000CA65FF /* OpenCVWrapper.mm */; };
/* End PBXBuildFile section */

/* Begin PBXFileReference section */
		2E978BEF2536E79500CA65FF /* Face_Recognition_Project.app */ = {isa = PBXFileReference; explicitFileType = wrapper.application; includeInIndex = 0; path = Face_Recognition_Project.app; sourceTree = BUILT_PRODUCTS_DIR; };
		2E978BF22536E79500CA65FF /* AppDelegate.swift */ = {isa = PBXFileReference; lastKnownFileType = sourcecode.swift; path = AppDelegate.swift; sourceTree = "<group>"; };
		2E978BF42536E79500CA65FF /* SceneDelegate.swift */ = {isa = PBXFileReference; lastKnownFileType = sourcecode.swift; path = SceneDelegate.swift; sourceTree = "<group>"; };
		2E978BF62536E79500CA65FF /* ViewController.swift */ = {isa = PBXFileReference; lastKnownFileType = sourcecode.swift; path = ViewController.swift; sourceTree = "<group>"; };
		2E978BF92536E79500CA65FF /* Base */ = {isa = PBXFileReference; lastKnownFileType = file.storyboard; name = Base; path = Base.lproj/Main.storyboard; sourceTree = "<group>"; };
		2E978BFB2536E79700CA65FF /* Assets.xcassets */ = {isa = PBXFileReference; lastKnownFileType = folder.assetcatalog; path = Assets.xcassets; sourceTree = "<group>"; };
		2E978BFE2536E79700CA65FF /* Base */ = {isa = PBXFileReference; lastKnownFileType = file.storyboard; name = Base; path = Base.lproj/LaunchScreen.storyboard; sourceTree = "<group>"; };
		2E978C002536E79700CA65FF /* Info.plist */ = {isa = PBXFileReference; lastKnownFileType = text.plist.xml; path = Info.plist; sourceTree = "<group>"; };
		2E978C092536E84800CA65FF /* opencv2.framework */ = {isa = PBXFileReference; lastKnownFileType = wrapper.framework; path = opencv2.framework; sourceTree = "<group>"; };
		2E978C0B2536E86000CA65FF /* Photos.framework */ = {isa = PBXFileReference; lastKnownFileType = wrapper.framework; name = Photos.framework; path = System/Library/Frameworks/Photos.framework; sourceTree = SDKROOT; };
		2E978C0D2536E87100CA65FF /* CoreGraphics.framework */ = {isa = PBXFileReference; lastKnownFileType = wrapper.framework; name = CoreGraphics.framework; path = System/Library/Frameworks/CoreGraphics.framework; sourceTree = SDKROOT; };
		2E978C0F2536E87800CA65FF /* CoreMedia.framework */ = {isa = PBXFileReference; lastKnownFileType = wrapper.framework; name = CoreMedia.framework; path = System/Library/Frameworks/CoreMedia.framework; sourceTree = SDKROOT; };
		2E978C112536E88100CA65FF /* CoreFoundation.framework */ = {isa = PBXFileReference; lastKnownFileType = wrapper.framework; name = CoreFoundation.framework; path = System/Library/Frameworks/CoreFoundation.framework; sourceTree = SDKROOT; };
		2E978C132536E88900CA65FF /* Accelerate.framework */ = {isa = PBXFileReference; lastKnownFileType = wrapper.framework; name = Accelerate.framework; path = System/Library/Frameworks/Accelerate.framework; sourceTree = SDKROOT; };
		2E978C182536E90000CA65FF /* Face_Recognition_Project-Bridging-Header.h */ = {isa = PBXFileReference; lastKnownFileType = sourcecode.c.h; path = "Face_Recognition_Project-Bridging-Header.h"; sourceTree = "<group>"; };
		2E978C192536E90000CA65FF /* OpenCVWrapper.h */ = {isa = PBXFileReference; lastKnownFileType = sourcecode.c.h; path = OpenCVWrapper.h; sourceTree = "<group>"; };
		2E978C1A2536E90000CA65FF /* OpenCVWrapper.mm */ = {isa = PBXFileReference; lastKnownFileType = sourcecode.cpp.objcpp; path = OpenCVWrapper.mm; sourceTree = "<group>"; };
		2E978C1C2536E94600CA65FF /* PrefixHeader.pch */ = {isa = PBXFileReference; lastKnownFileType = sourcecode.c.h; path = PrefixHeader.pch; sourceTree = "<group>"; };
/* End PBXFileReference section */

/* Begin PBXFrameworksBuildPhase section */
		2E978BEC2536E79500CA65FF /* Frameworks */ = {
			isa = PBXFrameworksBuildPhase;
			buildActionMask = 2147483647;
			files = (
				2E978C142536E88900CA65FF /* Accelerate.framework in Frameworks */,
				2E978C122536E88100CA65FF /* CoreFoundation.framework in Frameworks */,
				2E978C102536E87800CA65FF /* CoreMedia.framework in Frameworks */,
				2E978C0E2536E87100CA65FF /* CoreGraphics.framework in Frameworks */,
				2E978C0C2536E86000CA65FF /* Photos.framework in Frameworks */,
				2E978C0A2536E84800CA65FF /* opencv2.framework in Frameworks */,
			);
			runOnlyForDeploymentPostprocessing = 0;
		};
/* End PBXFrameworksBuildPhase section */

/* Begin PBXGroup section */
		2E978BE62536E79500CA65FF = {
			isa = PBXGroup;
			children = (
				2E978BF12536E79500CA65FF /* Face_Recognition_Project */,
				2E978BF02536E79500CA65FF /* Products */,
				2E978C062536E81A00CA65FF /* Frameworks */,
			);
			sourceTree = "<group>";
		};
		2E978BF02536E79500CA65FF /* Products */ = {
			isa = PBXGroup;
			children = (
				2E978BEF2536E79500CA65FF /* Face_Recognition_Project.app */,
			);
			name = Products;
			sourceTree = "<group>";
		};
		2E978BF12536E79500CA65FF /* Face_Recognition_Project */ = {
			isa = PBXGroup;
			children = (
				2E978C172536E8D500CA65FF /* Misc */,
				2E978C162536E8C800CA65FF /* Delegates */,
				2E978C152536E8C000CA65FF /* OpenCV */,
				2E978BF62536E79500CA65FF /* ViewController.swift */,
				2E978BF82536E79500CA65FF /* Main.storyboard */,
				2E978BFD2536E79700CA65FF /* LaunchScreen.storyboard */,
				2E978C002536E79700CA65FF /* Info.plist */,
			);
			path = Face_Recognition_Project;
			sourceTree = "<group>";
		};
		2E978C062536E81A00CA65FF /* Frameworks */ = {
			isa = PBXGroup;
			children = (
				2E978C132536E88900CA65FF /* Accelerate.framework */,
				2E978C112536E88100CA65FF /* CoreFoundation.framework */,
				2E978C0F2536E87800CA65FF /* CoreMedia.framework */,
				2E978C0D2536E87100CA65FF /* CoreGraphics.framework */,
				2E978C0B2536E86000CA65FF /* Photos.framework */,
				2E978C092536E84800CA65FF /* opencv2.framework */,
			);
			name = Frameworks;
			sourceTree = "<group>";
		};
		2E978C152536E8C000CA65FF /* OpenCV */ = {
			isa = PBXGroup;
			children = (
				2E978C192536E90000CA65FF /* OpenCVWrapper.h */,
				2E978C1A2536E90000CA65FF /* OpenCVWrapper.mm */,
				2E978C182536E90000CA65FF /* Face_Recognition_Project-Bridging-Header.h */,
				2E978C1C2536E94600CA65FF /* PrefixHeader.pch */,
			);
			path = OpenCV;
			sourceTree = "<group>";
		};
		2E978C162536E8C800CA65FF /* Delegates */ = {
			isa = PBXGroup;
			children = (
				2E978BF22536E79500CA65FF /* AppDelegate.swift */,
				2E978BF42536E79500CA65FF /* SceneDelegate.swift */,
			);
			path = Delegates;
			sourceTree = "<group>";
		};
		2E978C172536E8D500CA65FF /* Misc */ = {
			isa = PBXGroup;
			children = (
				2E978BFB2536E79700CA65FF /* Assets.xcassets */,
			);
			path = Misc;
			sourceTree = "<group>";
		};
/* End PBXGroup section */

/* Begin PBXNativeTarget section */
		2E978BEE2536E79500CA65FF /* Face_Recognition_Project */ = {
			isa = PBXNativeTarget;
			buildConfigurationList = 2E978C032536E79700CA65FF /* Build configuration list for PBXNativeTarget "Face_Recognition_Project" */;
			buildPhases = (
				2E978BEB2536E79500CA65FF /* Sources */,
				2E978BEC2536E79500CA65FF /* Frameworks */,
				2E978BED2536E79500CA65FF /* Resources */,
			);
			buildRules = (
			);
			dependencies = (
			);
			name = Face_Recognition_Project;
			productName = Face_Recognition_Project;
			productReference = 2E978BEF2536E79500CA65FF /* Face_Recognition_Project.app */;
			productType = "com.apple.product-type.application";
		};
/* End PBXNativeTarget section */

/* Begin PBXProject section */
		2E978BE72536E79500CA65FF /* Project object */ = {
			isa = PBXProject;
			attributes = {
				LastSwiftUpdateCheck = 1150;
				LastUpgradeCheck = 1150;
				ORGANIZATIONNAME = "Kevin Solano Jimenez";
				TargetAttributes = {
					2E978BEE2536E79500CA65FF = {
						CreatedOnToolsVersion = 11.5;
						LastSwiftMigration = 1150;
					};
				};
			};
			buildConfigurationList = 2E978BEA2536E79500CA65FF /* Build configuration list for PBXProject "Face_Recognition_Project" */;
			compatibilityVersion = "Xcode 9.3";
			developmentRegion = en;
			hasScannedForEncodings = 0;
			knownRegions = (
				en,
				Base,
			);
			mainGroup = 2E978BE62536E79500CA65FF;
			productRefGroup = 2E978BF02536E79500CA65FF /* Products */;
			projectDirPath = "";
			projectRoot = "";
			targets = (
				2E978BEE2536E79500CA65FF /* Face_Recognition_Project */,
			);
		};
/* End PBXProject section */

/* Begin PBXResourcesBuildPhase section */
		2E978BED2536E79500CA65FF /* Resources */ = {
			isa = PBXResourcesBuildPhase;
			buildActionMask = 2147483647;
			files = (
				2E978BFF2536E79700CA65FF /* LaunchScreen.storyboard in Resources */,
				2E978BFC2536E79700CA65FF /* Assets.xcassets in Resources */,
				2E978BFA2536E79500CA65FF /* Main.storyboard in Resources */,
			);
			runOnlyForDeploymentPostprocessing = 0;
		};
/* End PBXResourcesBuildPhase section */

/* Begin PBXSourcesBuildPhase section */
		2E978BEB2536E79500CA65FF /* Sources */ = {
			isa = PBXSourcesBuildPhase;
			buildActionMask = 2147483647;
			files = (
				2E978BF72536E79500CA65FF /* ViewController.swift in Sources */,
				2E978BF32536E79500CA65FF /* AppDelegate.swift in Sources */,
				2E978C1B2536E90000CA65FF /* OpenCVWrapper.mm in Sources */,
				2E978BF52536E79500CA65FF /* SceneDelegate.swift in Sources */,
			);
			runOnlyForDeploymentPostprocessing = 0;
		};
/* End PBXSourcesBuildPhase section */

/* Begin PBXVariantGroup section */
		2E978BF82536E79500CA65FF /* Main.storyboard */ = {
			isa = PBXVariantGroup;
			children = (
				2E978BF92536E79500CA65FF /* Base */,
			);
			name = Main.storyboard;
			sourceTree = "<group>";
		};
		2E978BFD2536E79700CA65FF /* LaunchScreen.storyboard */ = {
			isa = PBXVariantGroup;
			children = (
				2E978BFE2536E79700CA65FF /* Base */,
			);
			name = LaunchScreen.storyboard;
			sourceTree = "<group>";
		};
/* End PBXVariantGroup section */

/* Begin XCBuildConfiguration section */
		2E978C012536E79700CA65FF /* Debug */ = {
			isa = XCBuildConfiguration;
			buildSettings = {
				ALWAYS_SEARCH_USER_PATHS = NO;
				CLANG_ANALYZER_NONNULL = YES;
				CLANG_ANALYZER_NUMBER_OBJECT_CONVERSION = YES_AGGRESSIVE;
				CLANG_CXX_LANGUAGE_STANDARD = "gnu++14";
				CLANG_CXX_LIBRARY = "libc++";
				CLANG_ENABLE_MODULES = YES;
				CLANG_ENABLE_OBJC_ARC = YES;
				CLANG_ENABLE_OBJC_WEAK = YES;
				CLANG_WARN_BLOCK_CAPTURE_AUTORELEASING = YES;
				CLANG_WARN_BOOL_CONVERSION = YES;
				CLANG_WARN_COMMA = YES;
				CLANG_WARN_CONSTANT_CONVERSION = YES;
				CLANG_WARN_DEPRECATED_OBJC_IMPLEMENTATIONS = YES;
				CLANG_WARN_DIRECT_OBJC_ISA_USAGE = YES_ERROR;
				CLANG_WARN_DOCUMENTATION_COMMENTS = YES;
				CLANG_WARN_EMPTY_BODY = YES;
				CLANG_WARN_ENUM_CONVERSION = YES;
				CLANG_WARN_INFINITE_RECURSION = YES;
				CLANG_WARN_INT_CONVERSION = YES;
				CLANG_WARN_NON_LITERAL_NULL_CONVERSION = YES;
				CLANG_WARN_OBJC_IMPLICIT_RETAIN_SELF = YES;
				CLANG_WARN_OBJC_LITERAL_CONVERSION = YES;
				CLANG_WARN_OBJC_ROOT_CLASS = YES_ERROR;
				CLANG_WARN_RANGE_LOOP_ANALYSIS = YES;
				CLANG_WARN_STRICT_PROTOTYPES = YES;
				CLANG_WARN_SUSPICIOUS_MOVE = YES;
				CLANG_WARN_UNGUARDED_AVAILABILITY = YES_AGGRESSIVE;
				CLANG_WARN_UNREACHABLE_CODE = YES;
				CLANG_WARN__DUPLICATE_METHOD_MATCH = YES;
				COPY_PHASE_STRIP = NO;
				DEBUG_INFORMATION_FORMAT = dwarf;
				ENABLE_STRICT_OBJC_MSGSEND = YES;
				ENABLE_TESTABILITY = YES;
				GCC_C_LANGUAGE_STANDARD = gnu11;
				GCC_DYNAMIC_NO_PIC = NO;
				GCC_NO_COMMON_BLOCKS = YES;
				GCC_OPTIMIZATION_LEVEL = 0;
				GCC_PREPROCESSOR_DEFINITIONS = (
					"DEBUG=1",
					"$(inherited)",
				);
				GCC_WARN_64_TO_32_BIT_CONVERSION = YES;
				GCC_WARN_ABOUT_RETURN_TYPE = YES_ERROR;
				GCC_WARN_UNDECLARED_SELECTOR = YES;
				GCC_WARN_UNINITIALIZED_AUTOS = YES_AGGRESSIVE;
				GCC_WARN_UNUSED_FUNCTION = YES;
				GCC_WARN_UNUSED_VARIABLE = YES;
				IPHONEOS_DEPLOYMENT_TARGET = 13.5;
				MTL_ENABLE_DEBUG_INFO = INCLUDE_SOURCE;
				MTL_FAST_MATH = YES;
				ONLY_ACTIVE_ARCH = YES;
				SDKROOT = iphoneos;
				SWIFT_ACTIVE_COMPILATION_CONDITIONS = DEBUG;
				SWIFT_OPTIMIZATION_LEVEL = "-Onone";
			};
			name = Debug;
		};
		2E978C022536E79700CA65FF /* Release */ = {
			isa = XCBuildConfiguration;
			buildSettings = {
				ALWAYS_SEARCH_USER_PATHS = NO;
				CLANG_ANALYZER_NONNULL = YES;
				CLANG_ANALYZER_NUMBER_OBJECT_CONVERSION = YES_AGGRESSIVE;
				CLANG_CXX_LANGUAGE_STANDARD = "gnu++14";
				CLANG_CXX_LIBRARY = "libc++";
				CLANG_ENABLE_MODULES = YES;
				CLANG_ENABLE_OBJC_ARC = YES;
				CLANG_ENABLE_OBJC_WEAK = YES;
				CLANG_WARN_BLOCK_CAPTURE_AUTORELEASING = YES;
				CLANG_WARN_BOOL_CONVERSION = YES;
				CLANG_WARN_COMMA = YES;
				CLANG_WARN_CONSTANT_CONVERSION = YES;
				CLANG_WARN_DEPRECATED_OBJC_IMPLEMENTATIONS = YES;
				CLANG_WARN_DIRECT_OBJC_ISA_USAGE = YES_ERROR;
				CLANG_WARN_DOCUMENTATION_COMMENTS = YES;
				CLANG_WARN_EMPTY_BODY = YES;
				CLANG_WARN_ENUM_CONVERSION = YES;
				CLANG_WARN_INFINITE_RECURSION = YES;
				CLANG_WARN_INT_CONVERSION = YES;
				CLANG_WARN_NON_LITERAL_NULL_CONVERSION = YES;
				CLANG_WARN_OBJC_IMPLICIT_RETAIN_SELF = YES;
				CLANG_WARN_OBJC_LITERAL_CONVERSION = YES;
				CLANG_WARN_OBJC_ROOT_CLASS = YES_ERROR;
				CLANG_WARN_RANGE_LOOP_ANALYSIS = YES;
				CLANG_WARN_STRICT_PROTOTYPES = YES;
				CLANG_WARN_SUSPICIOUS_MOVE = YES;
				CLANG_WARN_UNGUARDED_AVAILABILITY = YES_AGGRESSIVE;
				CLANG_WARN_UNREACHABLE_CODE = YES;
				CLANG_WARN__DUPLICATE_METHOD_MATCH = YES;
				COPY_PHASE_STRIP = NO;
				DEBUG_INFORMATION_FORMAT = "dwarf-with-dsym";
				ENABLE_NS_ASSERTIONS = NO;
				ENABLE_STRICT_OBJC_MSGSEND = YES;
				GCC_C_LANGUAGE_STANDARD = gnu11;
				GCC_NO_COMMON_BLOCKS = YES;
				GCC_WARN_64_TO_32_BIT_CONVERSION = YES;
				GCC_WARN_ABOUT_RETURN_TYPE = YES_ERROR;
				GCC_WARN_UNDECLARED_SELECTOR = YES;
				GCC_WARN_UNINITIALIZED_AUTOS = YES_AGGRESSIVE;
				GCC_WARN_UNUSED_FUNCTION = YES;
				GCC_WARN_UNUSED_VARIABLE = YES;
				IPHONEOS_DEPLOYMENT_TARGET = 13.5;
				MTL_ENABLE_DEBUG_INFO = NO;
				MTL_FAST_MATH = YES;
				SDKROOT = iphoneos;
				SWIFT_COMPILATION_MODE = wholemodule;
				SWIFT_OPTIMIZATION_LEVEL = "-O";
				VALIDATE_PRODUCT = YES;
			};
			name = Release;
		};
		2E978C042536E79700CA65FF /* Debug */ = {
			isa = XCBuildConfiguration;
			buildSettings = {
				ASSETCATALOG_COMPILER_APPICON_NAME = AppIcon;
				CLANG_ENABLE_MODULES = YES;
				CODE_SIGN_STYLE = Automatic;
				DEVELOPMENT_TEAM = B3B6Q657GW;
				FRAMEWORK_SEARCH_PATHS = "$(PROJECT_DIR)";
				GCC_PREFIX_HEADER = "$(SRCROOT)/Face_Recognition_Project/OpenCV/PrefixHeader.pch";
				INFOPLIST_FILE = Face_Recognition_Project/Info.plist;
				LD_RUNPATH_SEARCH_PATHS = (
					"$(inherited)",
					"@executable_path/Frameworks",
				);
				PRODUCT_BUNDLE_IDENTIFIER = "com.solano.opencv.Face-Recognition-Project";
				PRODUCT_NAME = "$(TARGET_NAME)";
				SWIFT_OBJC_BRIDGING_HEADER = "Face_Recognition_Project/OpenCV/Face_Recognition_Project-Bridging-Header.h";
				SWIFT_OPTIMIZATION_LEVEL = "-Onone";
				SWIFT_VERSION = 5.0;
				TARGETED_DEVICE_FAMILY = "1,2";
			};
			name = Debug;
		};
		2E978C052536E79700CA65FF /* Release */ = {
			isa = XCBuildConfiguration;
			buildSettings = {
				ASSETCATALOG_COMPILER_APPICON_NAME = AppIcon;
				CLANG_ENABLE_MODULES = YES;
				CODE_SIGN_STYLE = Automatic;
				DEVELOPMENT_TEAM = B3B6Q657GW;
				FRAMEWORK_SEARCH_PATHS = "$(PROJECT_DIR)";
				GCC_PREFIX_HEADER = "$(SRCROOT)/Face_Recognition_Project/OpenCV/PrefixHeader.pch";
				INFOPLIST_FILE = Face_Recognition_Project/Info.plist;
				LD_RUNPATH_SEARCH_PATHS = (
					"$(inherited)",
					"@executable_path/Frameworks",
				);
				PRODUCT_BUNDLE_IDENTIFIER = "com.solano.opencv.Face-Recognition-Project";
				PRODUCT_NAME = "$(TARGET_NAME)";
				SWIFT_OBJC_BRIDGING_HEADER = "Face_Recognition_Project/OpenCV/Face_Recognition_Project-Bridging-Header.h";
				SWIFT_VERSION = 5.0;
				TARGETED_DEVICE_FAMILY = "1,2";
			};
			name = Release;
		};
/* End XCBuildConfiguration section */

/* Begin XCConfigurationList section */
		2E978BEA2536E79500CA65FF /* Build configuration list for PBXProject "Face_Recognition_Project" */ = {
			isa = XCConfigurationList;
			buildConfigurations = (
				2E978C012536E79700CA65FF /* Debug */,
				2E978C022536E79700CA65FF /* Release */,
			);
			defaultConfigurationIsVisible = 0;
			defaultConfigurationName = Release;
		};
		2E978C032536E79700CA65FF /* Build configuration list for PBXNativeTarget "Face_Recognition_Project" */ = {
			isa = XCConfigurationList;
			buildConfigurations = (
				2E978C042536E79700CA65FF /* Debug */,
				2E978C052536E79700CA65FF /* Release */,
			);
			defaultConfigurationIsVisible = 0;
			defaultConfigurationName = Release;
		};
/* End XCConfigurationList section */
	};
	rootObject = 2E978BE72536E79500CA65FF /* Project object */;
}
